# This file was autogenerated by Stack.
# You should not edit this file by hand.
# For more information, please see the documentation at:
#   https://docs.haskellstack.org/en/stable/lock_files

packages:
- completed:
    name: mf-library
    version: 0.1.0.0
    git: https://github.com/daniel-raffler/mf-library.git
    pantry-tree:
      size: 642
      sha256: ad30d5200c9fc2d40d8052071fb12487e86d1655d6282025ecfb0445cdfcce6d
    commit: f80d47339c85ed0c2c593805f5cd97f1ad9db4ed
  original:
    git: https://github.com/daniel-raffler/mf-library.git
    commit: f80d47339c85ed0c2c593805f5cd97f1ad9db4ed
snapshots:
- completed:
    size: 616897
    url: https://raw.githubusercontent.com/commercialhaskell/stackage-snapshots/master/lts/19/0.yaml
    sha256: bbf2be02f17940bac1f87cb462d4fb0c3355de6dcfc53d84f4f9ad3ee2164f65
  original: lts-19.0
